
Microsoft Visual Studio Solution File, Format Version 12.00
# Visual Studio Version 16
VisualStudioVersion = 16.0.31729.503
MinimumVisualStudioVersion = 10.0.40219.1
Project("{FAE04EC0-301F-11D3-BF4B-00C04F79EFBC}") = "simpleProjectsAPI", "simpleProjectsAPI\simpleProjectsAPI.csproj", "{4EF09EA9-DF1A-4296-8E5F-00491B630AC9}"
EndProject
Global
	GlobalSection(SolutionConfigurationPlatforms) = preSolution
		Debug|Any CPU = Debug|Any CPU
		Release|Any CPU = Release|Any CPU
	EndGlobalSection
	GlobalSection(ProjectConfigurationPlatforms) = postSolution
		{4EF09EA9-DF1A-4296-8E5F-00491B630AC9}.Debug|Any CPU.ActiveCfg = Debug|Any CPU
		{4EF09EA9-DF1A-4296-8E5F-00491B630AC9}.Debug|Any CPU.Build.0 = Debug|Any CPU
		{4EF09EA9-DF1A-4296-8E5F-00491B630AC9}.Release|Any CPU.ActiveCfg = Release|Any CPU
		{4EF09EA9-DF1A-4296-8E5F-00491B630AC9}.Release|Any CPU.Build.0 = Release|Any CPU
	EndGlobalSection
	GlobalSection(SolutionProperties) = preSolution
		HideSolutionNode = FALSE
	EndGlobalSection
	GlobalSection(ExtensibilityGlobals) = postSolution
		SolutionGuid = {64518B1F-ABC0-4F29-990C-3BCF422D4284}
	EndGlobalSection
EndGlobal
